
Microsoft Visual Studio Solution File, Format Version 12.00
# Visual Studio Version 16
VisualStudioVersion = 16.0.31829.152
MinimumVisualStudioVersion = 10.0.40219.1
Project("{9A19103F-16F7-4668-BE54-9A1E7A4F7556}") = "DAL", "DAL\DAL.csproj", "{8E72AD46-7AB4-4F57-8D99-351EF8CF336F}"
EndProject
Project("{9A19103F-16F7-4668-BE54-9A1E7A4F7556}") = "Entities", "Entities\Entities.csproj", "{1811E7EF-0BD5-4A4D-A003-AF3396977F7B}"
EndProject
Project("{9A19103F-16F7-4668-BE54-9A1E7A4F7556}") = "BL", "BL\BL.csproj", "{1D5FFEA8-D3F9-4143-A4F3-67F7A2B9EBCB}"
EndProject
Project("{9A19103F-16F7-4668-BE54-9A1E7A4F7556}") = "CORE", "CORE\CORE.csproj", "{AC9896C3-B906-4135-9D52-49707269D58C}"
EndProject
Project("{9A19103F-16F7-4668-BE54-9A1E7A4F7556}") = "API", "API\API.csproj", "{C1C5D9B6-270D-404D-B5C7-F4BB60018022}"
EndProject
Project("{FAE04EC0-301F-11D3-BF4B-00C04F79EFBC}") = "ModelsDTO", "ModelsDTO\ModelsDTO.csproj", "{B3C85379-FFAE-4B68-825E-D4D7F49B2F9C}"
EndProject
Global
	GlobalSection(SolutionConfigurationPlatforms) = preSolution
		Debug|Any CPU = Debug|Any CPU
		Release|Any CPU = Release|Any CPU
	EndGlobalSection
	GlobalSection(ProjectConfigurationPlatforms) = postSolution
		{8E72AD46-7AB4-4F57-8D99-351EF8CF336F}.Debug|Any CPU.ActiveCfg = Debug|Any CPU
		{8E72AD46-7AB4-4F57-8D99-351EF8CF336F}.Debug|Any CPU.Build.0 = Debug|Any CPU
		{8E72AD46-7AB4-4F57-8D99-351EF8CF336F}.Release|Any CPU.ActiveCfg = Release|Any CPU
		{8E72AD46-7AB4-4F57-8D99-351EF8CF336F}.Release|Any CPU.Build.0 = Release|Any CPU
		{1811E7EF-0BD5-4A4D-A003-AF3396977F7B}.Debug|Any CPU.ActiveCfg = Debug|Any CPU
		{1811E7EF-0BD5-4A4D-A003-AF3396977F7B}.Debug|Any CPU.Build.0 = Debug|Any CPU
		{1811E7EF-0BD5-4A4D-A003-AF3396977F7B}.Release|Any CPU.ActiveCfg = Release|Any CPU
		{1811E7EF-0BD5-4A4D-A003-AF3396977F7B}.Release|Any CPU.Build.0 = Release|Any CPU
		{1D5FFEA8-D3F9-4143-A4F3-67F7A2B9EBCB}.Debug|Any CPU.ActiveCfg = Debug|Any CPU
		{1D5FFEA8-D3F9-4143-A4F3-67F7A2B9EBCB}.Debug|Any CPU.Build.0 = Debug|Any CPU
		{1D5FFEA8-D3F9-4143-A4F3-67F7A2B9EBCB}.Release|Any CPU.ActiveCfg = Release|Any CPU
		{1D5FFEA8-D3F9-4143-A4F3-67F7A2B9EBCB}.Release|Any CPU.Build.0 = Release|Any CPU
		{AC9896C3-B906-4135-9D52-49707269D58C}.Debug|Any CPU.ActiveCfg = Debug|Any CPU
		{AC9896C3-B906-4135-9D52-49707269D58C}.Debug|Any CPU.Build.0 = Debug|Any CPU
		{AC9896C3-B906-4135-9D52-49707269D58C}.Release|Any CPU.ActiveCfg = Release|Any CPU
		{AC9896C3-B906-4135-9D52-49707269D58C}.Release|Any CPU.Build.0 = Release|Any CPU
		{C1C5D9B6-270D-404D-B5C7-F4BB60018022}.Debug|Any CPU.ActiveCfg = Debug|Any CPU
		{C1C5D9B6-270D-404D-B5C7-F4BB60018022}.Debug|Any CPU.Build.0 = Debug|Any CPU
		{C1C5D9B6-270D-404D-B5C7-F4BB60018022}.Release|Any CPU.ActiveCfg = Release|Any CPU
		{C1C5D9B6-270D-404D-B5C7-F4BB60018022}.Release|Any CPU.Build.0 = Release|Any CPU
		{B3C85379-FFAE-4B68-825E-D4D7F49B2F9C}.Debug|Any CPU.ActiveCfg = Debug|Any CPU
		{B3C85379-FFAE-4B68-825E-D4D7F49B2F9C}.Debug|Any CPU.Build.0 = Debug|Any CPU
		{B3C85379-FFAE-4B68-825E-D4D7F49B2F9C}.Release|Any CPU.ActiveCfg = Release|Any CPU
		{B3C85379-FFAE-4B68-825E-D4D7F49B2F9C}.Release|Any CPU.Build.0 = Release|Any CPU
	EndGlobalSection
	GlobalSection(SolutionProperties) = preSolution
		HideSolutionNode = FALSE
	EndGlobalSection
	GlobalSection(ExtensibilityGlobals) = postSolution
		SolutionGuid = {725EC04A-7F33-41BD-9571-EB814F880795}
	EndGlobalSection
EndGlobal
